
Microsoft Visual Studio Solution File, Format Version 12.00
# Visual Studio Version 17
VisualStudioVersion = 17.11.35312.102
MinimumVisualStudioVersion = 10.0.40219.1
Project("{FAE04EC0-301F-11D3-BF4B-00C04F79EFBC}") = "ExceptionHandling", "ExceptionHandling.csproj", "{0938B55A-EEA0-4D28-B2FE-34829656F2E5}"
EndProject
Global
	GlobalSection(SolutionConfigurationPlatforms) = preSolution
		Debug|Any CPU = Debug|Any CPU
		Release|Any CPU = Release|Any CPU
	EndGlobalSection
	GlobalSection(ProjectConfigurationPlatforms) = postSolution
		{0938B55A-EEA0-4D28-B2FE-34829656F2E5}.Debug|Any CPU.ActiveCfg = Debug|Any CPU
		{0938B55A-EEA0-4D28-B2FE-34829656F2E5}.Debug|Any CPU.Build.0 = Debug|Any CPU
		{0938B55A-EEA0-4D28-B2FE-34829656F2E5}.Release|Any CPU.ActiveCfg = Release|Any CPU
		{0938B55A-EEA0-4D28-B2FE-34829656F2E5}.Release|Any CPU.Build.0 = Release|Any CPU
	EndGlobalSection
	GlobalSection(SolutionProperties) = preSolution
		HideSolutionNode = FALSE
	EndGlobalSection
	GlobalSection(ExtensibilityGlobals) = postSolution
		SolutionGuid = {4EB5A0E3-74D8-44B3-849C-CF22AC4064DD}
	EndGlobalSection
EndGlobal
